
Microsoft Visual Studio Solution File, Format Version 12.00
# Visual Studio 2012
Project("{FAE04EC0-301F-11D3-BF4B-00C04F79EFBC}") = "Facultate", "Facultate\Facultate.csproj", "{8C21ABED-15FF-41BC-9959-809B28E3E9FE}"
EndProject
Project("{FAE04EC0-301F-11D3-BF4B-00C04F79EFBC}") = "Camin", "Camin\Camin.csproj", "{BA6F9D08-B8D0-4039-AE89-7AB1F9FC6C93}"
EndProject
Global
	GlobalSection(SolutionConfigurationPlatforms) = preSolution
		Debug|Any CPU = Debug|Any CPU
		Release|Any CPU = Release|Any CPU
	EndGlobalSection
	GlobalSection(ProjectConfigurationPlatforms) = postSolution
		{8C21ABED-15FF-41BC-9959-809B28E3E9FE}.Debug|Any CPU.ActiveCfg = Debug|Any CPU
		{8C21ABED-15FF-41BC-9959-809B28E3E9FE}.Debug|Any CPU.Build.0 = Debug|Any CPU
		{8C21ABED-15FF-41BC-9959-809B28E3E9FE}.Release|Any CPU.ActiveCfg = Release|Any CPU
		{8C21ABED-15FF-41BC-9959-809B28E3E9FE}.Release|Any CPU.Build.0 = Release|Any CPU
		{BA6F9D08-B8D0-4039-AE89-7AB1F9FC6C93}.Debug|Any CPU.ActiveCfg = Debug|Any CPU
		{BA6F9D08-B8D0-4039-AE89-7AB1F9FC6C93}.Debug|Any CPU.Build.0 = Debug|Any CPU
		{BA6F9D08-B8D0-4039-AE89-7AB1F9FC6C93}.Release|Any CPU.ActiveCfg = Release|Any CPU
		{BA6F9D08-B8D0-4039-AE89-7AB1F9FC6C93}.Release|Any CPU.Build.0 = Release|Any CPU
	EndGlobalSection
	GlobalSection(SolutionProperties) = preSolution
		HideSolutionNode = FALSE
	EndGlobalSection
EndGlobal
