
Microsoft Visual Studio Solution File, Format Version 12.00
# Visual Studio 2012
Project("{FAE04EC0-301F-11D3-BF4B-00C04F79EFBC}") = "Straut_Bogdan_PSSC_Prj", "Straut_Bogdan_PSSC_Prj\Straut_Bogdan_PSSC_Prj.csproj", "{9DE74A81-1DC1-45FD-8F7A-7474CF23A3BA}"
EndProject
Global
	GlobalSection(SolutionConfigurationPlatforms) = preSolution
		Debug|Any CPU = Debug|Any CPU
		Release|Any CPU = Release|Any CPU
	EndGlobalSection
	GlobalSection(ProjectConfigurationPlatforms) = postSolution
		{9DE74A81-1DC1-45FD-8F7A-7474CF23A3BA}.Debug|Any CPU.ActiveCfg = Debug|Any CPU
		{9DE74A81-1DC1-45FD-8F7A-7474CF23A3BA}.Debug|Any CPU.Build.0 = Debug|Any CPU
		{9DE74A81-1DC1-45FD-8F7A-7474CF23A3BA}.Release|Any CPU.ActiveCfg = Release|Any CPU
		{9DE74A81-1DC1-45FD-8F7A-7474CF23A3BA}.Release|Any CPU.Build.0 = Release|Any CPU
	EndGlobalSection
	GlobalSection(SolutionProperties) = preSolution
		HideSolutionNode = FALSE
	EndGlobalSection
EndGlobal
